// !$*UTF8*$!
{
	archiveVersion = 1;
	classes = {
	};
	objectVersion = 52;
	objects = {

/* Begin PBXBuildFile section */
		4C0167D226EA97C300AC10E7 /* MovieGridViewController.swift in Sources */ = {isa = PBXBuildFile; fileRef = 4C0167D126EA97C300AC10E7 /* MovieGridViewController.swift */; };
		4C0167D426EAA3F100AC10E7 /* MovieGridCell.swift in Sources */ = {isa = PBXBuildFile; fileRef = 4C0167D326EAA3F100AC10E7 /* MovieGridCell.swift */; };
		4C335D9726E1B0240089857B /* MovieCell.swift in Sources */ = {isa = PBXBuildFile; fileRef = 4C335D9626E1B0240089857B /* MovieCell.swift */; };
		4C46D64126DEEE5300C567BA /* AppDelegate.swift in Sources */ = {isa = PBXBuildFile; fileRef = 4C46D64026DEEE5300C567BA /* AppDelegate.swift */; };
		4C46D64326DEEE5300C567BA /* SceneDelegate.swift in Sources */ = {isa = PBXBuildFile; fileRef = 4C46D64226DEEE5300C567BA /* SceneDelegate.swift */; };
		4C46D64826DEEE5300C567BA /* Main.storyboard in Resources */ = {isa = PBXBuildFile; fileRef = 4C46D64626DEEE5300C567BA /* Main.storyboard */; };
		4C46D64A26DEEE5500C567BA /* Assets.xcassets in Resources */ = {isa = PBXBuildFile; fileRef = 4C46D64926DEEE5500C567BA /* Assets.xcassets */; };
		4C46D64D26DEEE5500C567BA /* LaunchScreen.storyboard in Resources */ = {isa = PBXBuildFile; fileRef = 4C46D64B26DEEE5500C567BA /* LaunchScreen.storyboard */; };
		4C46D65526DEEFAB00C567BA /* MoviesViewController.swift in Sources */ = {isa = PBXBuildFile; fileRef = 4C46D65426DEEFAB00C567BA /* MoviesViewController.swift */; };
		4CA4320C26E8375D00C72AD7 /* MovieDetailsViewController.swift in Sources */ = {isa = PBXBuildFile; fileRef = 4CA4320B26E8375D00C72AD7 /* MovieDetailsViewController.swift */; };
		4CAE6A7526E26C1600D915F0 /* AlamofireImage in Frameworks */ = {isa = PBXBuildFile; productRef = 4CAE6A7426E26C1600D915F0 /* AlamofireImage */; };
/* End PBXBuildFile section */

/* Begin PBXFileReference section */
		4C0167D126EA97C300AC10E7 /* MovieGridViewController.swift */ = {isa = PBXFileReference; lastKnownFileType = sourcecode.swift; path = MovieGridViewController.swift; sourceTree = "<group>"; };
		4C0167D326EAA3F100AC10E7 /* MovieGridCell.swift */ = {isa = PBXFileReference; lastKnownFileType = sourcecode.swift; path = MovieGridCell.swift; sourceTree = "<group>"; };
		4C335D9626E1B0240089857B /* MovieCell.swift */ = {isa = PBXFileReference; lastKnownFileType = sourcecode.swift; path = MovieCell.swift; sourceTree = "<group>"; };
		4C46D63D26DEEE5300C567BA /* flixster.app */ = {isa = PBXFileReference; explicitFileType = wrapper.application; includeInIndex = 0; path = flixster.app; sourceTree = BUILT_PRODUCTS_DIR; };
		4C46D64026DEEE5300C567BA /* AppDelegate.swift */ = {isa = PBXFileReference; lastKnownFileType = sourcecode.swift; path = AppDelegate.swift; sourceTree = "<group>"; };
		4C46D64226DEEE5300C567BA /* SceneDelegate.swift */ = {isa = PBXFileReference; lastKnownFileType = sourcecode.swift; path = SceneDelegate.swift; sourceTree = "<group>"; };
		4C46D64726DEEE5300C567BA /* Base */ = {isa = PBXFileReference; lastKnownFileType = file.storyboard; name = Base; path = Base.lproj/Main.storyboard; sourceTree = "<group>"; };
		4C46D64926DEEE5500C567BA /* Assets.xcassets */ = {isa = PBXFileReference; lastKnownFileType = folder.assetcatalog; path = Assets.xcassets; sourceTree = "<group>"; };
		4C46D64C26DEEE5500C567BA /* Base */ = {isa = PBXFileReference; lastKnownFileType = file.storyboard; name = Base; path = Base.lproj/LaunchScreen.storyboard; sourceTree = "<group>"; };
		4C46D64E26DEEE5500C567BA /* Info.plist */ = {isa = PBXFileReference; lastKnownFileType = text.plist.xml; path = Info.plist; sourceTree = "<group>"; };
		4C46D65426DEEFAB00C567BA /* MoviesViewController.swift */ = {isa = PBXFileReference; lastKnownFileType = sourcecode.swift; path = MoviesViewController.swift; sourceTree = "<group>"; };
		4CA4320B26E8375D00C72AD7 /* MovieDetailsViewController.swift */ = {isa = PBXFileReference; lastKnownFileType = sourcecode.swift; path = MovieDetailsViewController.swift; sourceTree = "<group>"; };
/* End PBXFileReference section */

/* Begin PBXFrameworksBuildPhase section */
		4C46D63A26DEEE5300C567BA /* Frameworks */ = {
			isa = PBXFrameworksBuildPhase;
			buildActionMask = 2147483647;
			files = (
				4CAE6A7526E26C1600D915F0 /* AlamofireImage in Frameworks */,
			);
			runOnlyForDeploymentPostprocessing = 0;
		};
/* End PBXFrameworksBuildPhase section */

/* Begin PBXGroup section */
		4C46D63426DEEE5300C567BA = {
			isa = PBXGroup;
			children = (
				4C46D63F26DEEE5300C567BA /* flixster */,
				4C46D63E26DEEE5300C567BA /* Products */,
			);
			sourceTree = "<group>";
		};
		4C46D63E26DEEE5300C567BA /* Products */ = {
			isa = PBXGroup;
			children = (
				4C46D63D26DEEE5300C567BA /* flixster.app */,
			);
			name = Products;
			sourceTree = "<group>";
		};
		4C46D63F26DEEE5300C567BA /* flixster */ = {
			isa = PBXGroup;
			children = (
				4C46D64026DEEE5300C567BA /* AppDelegate.swift */,
				4C46D64226DEEE5300C567BA /* SceneDelegate.swift */,
				4C46D64626DEEE5300C567BA /* Main.storyboard */,
				4C0167D326EAA3F100AC10E7 /* MovieGridCell.swift */,
				4C0167D126EA97C300AC10E7 /* MovieGridViewController.swift */,
				4CA4320B26E8375D00C72AD7 /* MovieDetailsViewController.swift */,
				4C335D9626E1B0240089857B /* MovieCell.swift */,
				4C46D64926DEEE5500C567BA /* Assets.xcassets */,
				4C46D64B26DEEE5500C567BA /* LaunchScreen.storyboard */,
				4C46D64E26DEEE5500C567BA /* Info.plist */,
				4C46D65426DEEFAB00C567BA /* MoviesViewController.swift */,
			);
			path = flixster;
			sourceTree = "<group>";
		};
/* End PBXGroup section */

/* Begin PBXNativeTarget section */
		4C46D63C26DEEE5300C567BA /* flixster */ = {
			isa = PBXNativeTarget;
			buildConfigurationList = 4C46D65126DEEE5500C567BA /* Build configuration list for PBXNativeTarget "flixster" */;
			buildPhases = (
				4C46D63926DEEE5300C567BA /* Sources */,
				4C46D63A26DEEE5300C567BA /* Frameworks */,
				4C46D63B26DEEE5300C567BA /* Resources */,
			);
			buildRules = (
			);
			dependencies = (
			);
			name = flixster;
			packageProductDependencies = (
				4CAE6A7426E26C1600D915F0 /* AlamofireImage */,
			);
			productName = flixster;
			productReference = 4C46D63D26DEEE5300C567BA /* flixster.app */;
			productType = "com.apple.product-type.application";
		};
/* End PBXNativeTarget section */

/* Begin PBXProject section */
		4C46D63526DEEE5300C567BA /* Project object */ = {
			isa = PBXProject;
			attributes = {
				LastSwiftUpdateCheck = 1250;
				LastUpgradeCheck = 1250;
				TargetAttributes = {
					4C46D63C26DEEE5300C567BA = {
						CreatedOnToolsVersion = 12.5.1;
					};
				};
			};
			buildConfigurationList = 4C46D63826DEEE5300C567BA /* Build configuration list for PBXProject "flixster" */;
			compatibilityVersion = "Xcode 9.3";
			developmentRegion = en;
			hasScannedForEncodings = 0;
			knownRegions = (
				en,
				Base,
			);
			mainGroup = 4C46D63426DEEE5300C567BA;
			packageReferences = (
				4CAE6A7326E26C1600D915F0 /* XCRemoteSwiftPackageReference "AlamofireImage" */,
			);
			productRefGroup = 4C46D63E26DEEE5300C567BA /* Products */;
			projectDirPath = "";
			projectRoot = "";
			targets = (
				4C46D63C26DEEE5300C567BA /* flixster */,
			);
		};
/* End PBXProject section */

/* Begin PBXResourcesBuildPhase section */
		4C46D63B26DEEE5300C567BA /* Resources */ = {
			isa = PBXResourcesBuildPhase;
			buildActionMask = 2147483647;
			files = (
				4C46D64D26DEEE5500C567BA /* LaunchScreen.storyboard in Resources */,
				4C46D64A26DEEE5500C567BA /* Assets.xcassets in Resources */,
				4C46D64826DEEE5300C567BA /* Main.storyboard in Resources */,
			);
			runOnlyForDeploymentPostprocessing = 0;
		};
/* End PBXResourcesBuildPhase section */

/* Begin PBXSourcesBuildPhase section */
		4C46D63926DEEE5300C567BA /* Sources */ = {
			isa = PBXSourcesBuildPhase;
			buildActionMask = 2147483647;
			files = (
				4CA4320C26E8375D00C72AD7 /* MovieDetailsViewController.swift in Sources */,
				4C46D64126DEEE5300C567BA /* AppDelegate.swift in Sources */,
				4C46D64326DEEE5300C567BA /* SceneDelegate.swift in Sources */,
				4C335D9726E1B0240089857B /* MovieCell.swift in Sources */,
				4C46D65526DEEFAB00C567BA /* MoviesViewController.swift in Sources */,
				4C0167D226EA97C300AC10E7 /* MovieGridViewController.swift in Sources */,
				4C0167D426EAA3F100AC10E7 /* MovieGridCell.swift in Sources */,
			);
			runOnlyForDeploymentPostprocessing = 0;
		};
/* End PBXSourcesBuildPhase section */

/* Begin PBXVariantGroup section */
		4C46D64626DEEE5300C567BA /* Main.storyboard */ = {
			isa = PBXVariantGroup;
			children = (
				4C46D64726DEEE5300C567BA /* Base */,
			);
			name = Main.storyboard;
			sourceTree = "<group>";
		};
		4C46D64B26DEEE5500C567BA /* LaunchScreen.storyboard */ = {
			isa = PBXVariantGroup;
			children = (
				4C46D64C26DEEE5500C567BA /* Base */,
			);
			name = LaunchScreen.storyboard;
			sourceTree = "<group>";
		};
/* End PBXVariantGroup section */

/* Begin XCBuildConfiguration section */
		4C46D64F26DEEE5500C567BA /* Debug */ = {
			isa = XCBuildConfiguration;
			buildSettings = {
				ALWAYS_SEARCH_USER_PATHS = NO;
				CLANG_ANALYZER_NONNULL = YES;
				CLANG_ANALYZER_NUMBER_OBJECT_CONVERSION = YES_AGGRESSIVE;
				CLANG_CXX_LANGUAGE_STANDARD = "gnu++14";
				CLANG_CXX_LIBRARY = "libc++";
				CLANG_ENABLE_MODULES = YES;
				CLANG_ENABLE_OBJC_ARC = YES;
				CLANG_ENABLE_OBJC_WEAK = YES;
				CLANG_WARN_BLOCK_CAPTURE_AUTORELEASING = YES;
				CLANG_WARN_BOOL_CONVERSION = YES;
				CLANG_WARN_COMMA = YES;
				CLANG_WARN_CONSTANT_CONVERSION = YES;
				CLANG_WARN_DEPRECATED_OBJC_IMPLEMENTATIONS = YES;
				CLANG_WARN_DIRECT_OBJC_ISA_USAGE = YES_ERROR;
				CLANG_WARN_DOCUMENTATION_COMMENTS = YES;
				CLANG_WARN_EMPTY_BODY = YES;
				CLANG_WARN_ENUM_CONVERSION = YES;
				CLANG_WARN_INFINITE_RECURSION = YES;
				CLANG_WARN_INT_CONVERSION = YES;
				CLANG_WARN_NON_LITERAL_NULL_CONVERSION = YES;
				CLANG_WARN_OBJC_IMPLICIT_RETAIN_SELF = YES;
				CLANG_WARN_OBJC_LITERAL_CONVERSION = YES;
				CLANG_WARN_OBJC_ROOT_CLASS = YES_ERROR;
				CLANG_WARN_QUOTED_INCLUDE_IN_FRAMEWORK_HEADER = YES;
				CLANG_WARN_RANGE_LOOP_ANALYSIS = YES;
				CLANG_WARN_STRICT_PROTOTYPES = YES;
				CLANG_WARN_SUSPICIOUS_MOVE = YES;
				CLANG_WARN_UNGUARDED_AVAILABILITY = YES_AGGRESSIVE;
				CLANG_WARN_UNREACHABLE_CODE = YES;
				CLANG_WARN__DUPLICATE_METHOD_MATCH = YES;
				COPY_PHASE_STRIP = NO;
				DEBUG_INFORMATION_FORMAT = dwarf;
				ENABLE_STRICT_OBJC_MSGSEND = YES;
				ENABLE_TESTABILITY = YES;
				GCC_C_LANGUAGE_STANDARD = gnu11;
				GCC_DYNAMIC_NO_PIC = NO;
				GCC_NO_COMMON_BLOCKS = YES;
				GCC_OPTIMIZATION_LEVEL = 0;
				GCC_PREPROCESSOR_DEFINITIONS = (
					"DEBUG=1",
					"$(inherited)",
				);
				GCC_WARN_64_TO_32_BIT_CONVERSION = YES;
				GCC_WARN_ABOUT_RETURN_TYPE = YES_ERROR;
				GCC_WARN_UNDECLARED_SELECTOR = YES;
				GCC_WARN_UNINITIALIZED_AUTOS = YES_AGGRESSIVE;
				GCC_WARN_UNUSED_FUNCTION = YES;
				GCC_WARN_UNUSED_VARIABLE = YES;
				IPHONEOS_DEPLOYMENT_TARGET = 14.5;
				MTL_ENABLE_DEBUG_INFO = INCLUDE_SOURCE;
				MTL_FAST_MATH = YES;
				ONLY_ACTIVE_ARCH = YES;
				SDKROOT = iphoneos;
				SWIFT_ACTIVE_COMPILATION_CONDITIONS = DEBUG;
				SWIFT_OPTIMIZATION_LEVEL = "-Onone";
			};
			name = Debug;
		};
		4C46D65026DEEE5500C567BA /* Release */ = {
			isa = XCBuildConfiguration;
			buildSettings = {
				ALWAYS_SEARCH_USER_PATHS = NO;
				CLANG_ANALYZER_NONNULL = YES;
				CLANG_ANALYZER_NUMBER_OBJECT_CONVERSION = YES_AGGRESSIVE;
				CLANG_CXX_LANGUAGE_STANDARD = "gnu++14";
				CLANG_CXX_LIBRARY = "libc++";
				CLANG_ENABLE_MODULES = YES;
				CLANG_ENABLE_OBJC_ARC = YES;
				CLANG_ENABLE_OBJC_WEAK = YES;
				CLANG_WARN_BLOCK_CAPTURE_AUTORELEASING = YES;
				CLANG_WARN_BOOL_CONVERSION = YES;
				CLANG_WARN_COMMA = YES;
				CLANG_WARN_CONSTANT_CONVERSION = YES;
				CLANG_WARN_DEPRECATED_OBJC_IMPLEMENTATIONS = YES;
				CLANG_WARN_DIRECT_OBJC_ISA_USAGE = YES_ERROR;
				CLANG_WARN_DOCUMENTATION_COMMENTS = YES;
				CLANG_WARN_EMPTY_BODY = YES;
				CLANG_WARN_ENUM_CONVERSION = YES;
				CLANG_WARN_INFINITE_RECURSION = YES;
				CLANG_WARN_INT_CONVERSION = YES;
				CLANG_WARN_NON_LITERAL_NULL_CONVERSION = YES;
				CLANG_WARN_OBJC_IMPLICIT_RETAIN_SELF = YES;
				CLANG_WARN_OBJC_LITERAL_CONVERSION = YES;
				CLANG_WARN_OBJC_ROOT_CLASS = YES_ERROR;
				CLANG_WARN_QUOTED_INCLUDE_IN_FRAMEWORK_HEADER = YES;
				CLANG_WARN_RANGE_LOOP_ANALYSIS = YES;
				CLANG_WARN_STRICT_PROTOTYPES = YES;
				CLANG_WARN_SUSPICIOUS_MOVE = YES;
				CLANG_WARN_UNGUARDED_AVAILABILITY = YES_AGGRESSIVE;
				CLANG_WARN_UNREACHABLE_CODE = YES;
				CLANG_WARN__DUPLICATE_METHOD_MATCH = YES;
				COPY_PHASE_STRIP = NO;
				DEBUG_INFORMATION_FORMAT = "dwarf-with-dsym";
				ENABLE_NS_ASSERTIONS = NO;
				ENABLE_STRICT_OBJC_MSGSEND = YES;
				GCC_C_LANGUAGE_STANDARD = gnu11;
				GCC_NO_COMMON_BLOCKS = YES;
				GCC_WARN_64_TO_32_BIT_CONVERSION = YES;
				GCC_WARN_ABOUT_RETURN_TYPE = YES_ERROR;
				GCC_WARN_UNDECLARED_SELECTOR = YES;
				GCC_WARN_UNINITIALIZED_AUTOS = YES_AGGRESSIVE;
				GCC_WARN_UNUSED_FUNCTION = YES;
				GCC_WARN_UNUSED_VARIABLE = YES;
				IPHONEOS_DEPLOYMENT_TARGET = 14.5;
				MTL_ENABLE_DEBUG_INFO = NO;
				MTL_FAST_MATH = YES;
				SDKROOT = iphoneos;
				SWIFT_COMPILATION_MODE = wholemodule;
				SWIFT_OPTIMIZATION_LEVEL = "-O";
				VALIDATE_PRODUCT = YES;
			};
			name = Release;
		};
		4C46D65226DEEE5500C567BA /* Debug */ = {
			isa = XCBuildConfiguration;
			buildSettings = {
				ASSETCATALOG_COMPILER_APPICON_NAME = AppIcon;
				ASSETCATALOG_COMPILER_GLOBAL_ACCENT_COLOR_NAME = AccentColor;
				CODE_SIGN_STYLE = Automatic;
				DEVELOPMENT_TEAM = SJYRG4RFXA;
				INFOPLIST_FILE = flixster/Info.plist;
				LD_RUNPATH_SEARCH_PATHS = (
					"$(inherited)",
					"@executable_path/Frameworks",
				);
				PRODUCT_BUNDLE_IDENTIFIER = Leo.flixster;
				PRODUCT_NAME = "$(TARGET_NAME)";
				SWIFT_VERSION = 5.0;
				TARGETED_DEVICE_FAMILY = "1,2";
			};
			name = Debug;
		};
		4C46D65326DEEE5500C567BA /* Release */ = {
			isa = XCBuildConfiguration;
			buildSettings = {
				ASSETCATALOG_COMPILER_APPICON_NAME = AppIcon;
				ASSETCATALOG_COMPILER_GLOBAL_ACCENT_COLOR_NAME = AccentColor;
				CODE_SIGN_STYLE = Automatic;
				DEVELOPMENT_TEAM = SJYRG4RFXA;
				INFOPLIST_FILE = flixster/Info.plist;
				LD_RUNPATH_SEARCH_PATHS = (
					"$(inherited)",
					"@executable_path/Frameworks",
				);
				PRODUCT_BUNDLE_IDENTIFIER = Leo.flixster;
				PRODUCT_NAME = "$(TARGET_NAME)";
				SWIFT_VERSION = 5.0;
				TARGETED_DEVICE_FAMILY = "1,2";
			};
			name = Release;
		};
/* End XCBuildConfiguration section */

/* Begin XCConfigurationList section */
		4C46D63826DEEE5300C567BA /* Build configuration list for PBXProject "flixster" */ = {
			isa = XCConfigurationList;
			buildConfigurations = (
				4C46D64F26DEEE5500C567BA /* Debug */,
				4C46D65026DEEE5500C567BA /* Release */,
			);
			defaultConfigurationIsVisible = 0;
			defaultConfigurationName = Release;
		};
		4C46D65126DEEE5500C567BA /* Build configuration list for PBXNativeTarget "flixster" */ = {
			isa = XCConfigurationList;
			buildConfigurations = (
				4C46D65226DEEE5500C567BA /* Debug */,
				4C46D65326DEEE5500C567BA /* Release */,
			);
			defaultConfigurationIsVisible = 0;
			defaultConfigurationName = Release;
		};
/* End XCConfigurationList section */

/* Begin XCRemoteSwiftPackageReference section */
		4CAE6A7326E26C1600D915F0 /* XCRemoteSwiftPackageReference "AlamofireImage" */ = {
			isa = XCRemoteSwiftPackageReference;
			repositoryURL = "https://github.com/Alamofire/AlamofireImage.git";
			requirement = {
				kind = upToNextMajorVersion;
				minimumVersion = 4.2.0;
			};
		};
/* End XCRemoteSwiftPackageReference section */

/* Begin XCSwiftPackageProductDependency section */
		4CAE6A7426E26C1600D915F0 /* AlamofireImage */ = {
			isa = XCSwiftPackageProductDependency;
			package = 4CAE6A7326E26C1600D915F0 /* XCRemoteSwiftPackageReference "AlamofireImage" */;
			productName = AlamofireImage;
		};
/* End XCSwiftPackageProductDependency section */
	};
	rootObject = 4C46D63526DEEE5300C567BA /* Project object */;
}
